
Microsoft Visual Studio Solution File, Format Version 12.00
# Visual Studio Version 17
VisualStudioVersion = 17.4.33213.308
MinimumVisualStudioVersion = 10.0.40219.1
Project("{9A19103F-16F7-4668-BE54-9A1E7A4F7556}") = "Jajo.Exporter", "Jajo.Exporter\Jajo.Exporter.csproj", "{598A8796-D456-4E62-8D85-77FDA5218219}"
EndProject
Project("{9A19103F-16F7-4668-BE54-9A1E7A4F7556}") = "Jajo.Utils", "Jajo.Utils\Jajo.Utils.csproj", "{02ECFD0A-7188-460F-B3C7-96795935D478}"
EndProject
Project("{9A19103F-16F7-4668-BE54-9A1E7A4F7556}") = "Jajo.EntryPoint", "Jajo.EntryPoint\Jajo.EntryPoint.csproj", "{4C8CBA2B-B15D-4C0F-9739-CDB6244ECB11}"
EndProject
Project("{9A19103F-16F7-4668-BE54-9A1E7A4F7556}") = "Jajo.Tools", "Jajo.Tools\Jajo.Tools.csproj", "{5EE5AB22-BD38-4042-94DB-11CDCBBCFA15}"
EndProject
Project("{9A19103F-16F7-4668-BE54-9A1E7A4F7556}") = "Jajo.Ui", "Jajo.Ui\Jajo.Ui.csproj", "{E3D22871-F324-4C36-A6C8-368F5893C306}"
EndProject
Global
	GlobalSection(SolutionConfigurationPlatforms) = preSolution
		Debug R19|Any CPU = Debug R19|Any CPU
		Debug R20|Any CPU = Debug R20|Any CPU
		Debug R21|Any CPU = Debug R21|Any CPU
		Debug R22|Any CPU = Debug R22|Any CPU
		Debug R23|Any CPU = Debug R23|Any CPU
		Release R19|Any CPU = Release R19|Any CPU
		Release R20|Any CPU = Release R20|Any CPU
		Release R21|Any CPU = Release R21|Any CPU
		Release R22|Any CPU = Release R22|Any CPU
		Release R23|Any CPU = Release R23|Any CPU
	EndGlobalSection
	GlobalSection(ProjectConfigurationPlatforms) = postSolution
		{598A8796-D456-4E62-8D85-77FDA5218219}.Debug R19|Any CPU.ActiveCfg = Debug R19|Any CPU
		{598A8796-D456-4E62-8D85-77FDA5218219}.Debug R19|Any CPU.Build.0 = Debug R19|Any CPU
		{598A8796-D456-4E62-8D85-77FDA5218219}.Debug R20|Any CPU.ActiveCfg = Debug R20|Any CPU
		{598A8796-D456-4E62-8D85-77FDA5218219}.Debug R20|Any CPU.Build.0 = Debug R20|Any CPU
		{598A8796-D456-4E62-8D85-77FDA5218219}.Debug R21|Any CPU.ActiveCfg = Debug R21|Any CPU
		{598A8796-D456-4E62-8D85-77FDA5218219}.Debug R21|Any CPU.Build.0 = Debug R21|Any CPU
		{598A8796-D456-4E62-8D85-77FDA5218219}.Debug R22|Any CPU.ActiveCfg = Debug R22|Any CPU
		{598A8796-D456-4E62-8D85-77FDA5218219}.Debug R22|Any CPU.Build.0 = Debug R22|Any CPU
		{598A8796-D456-4E62-8D85-77FDA5218219}.Debug R23|Any CPU.ActiveCfg = Debug R23|Any CPU
		{598A8796-D456-4E62-8D85-77FDA5218219}.Debug R23|Any CPU.Build.0 = Debug R23|Any CPU
		{598A8796-D456-4E62-8D85-77FDA5218219}.Release R19|Any CPU.ActiveCfg = Release R19|Any CPU
		{598A8796-D456-4E62-8D85-77FDA5218219}.Release R19|Any CPU.Build.0 = Release R19|Any CPU
		{598A8796-D456-4E62-8D85-77FDA5218219}.Release R20|Any CPU.ActiveCfg = Release R20|Any CPU
		{598A8796-D456-4E62-8D85-77FDA5218219}.Release R20|Any CPU.Build.0 = Release R20|Any CPU
		{598A8796-D456-4E62-8D85-77FDA5218219}.Release R21|Any CPU.ActiveCfg = Release R21|Any CPU
		{598A8796-D456-4E62-8D85-77FDA5218219}.Release R21|Any CPU.Build.0 = Release R21|Any CPU
		{598A8796-D456-4E62-8D85-77FDA5218219}.Release R22|Any CPU.ActiveCfg = Release R22|Any CPU
		{598A8796-D456-4E62-8D85-77FDA5218219}.Release R22|Any CPU.Build.0 = Release R22|Any CPU
		{598A8796-D456-4E62-8D85-77FDA5218219}.Release R23|Any CPU.ActiveCfg = Release R23|Any CPU
		{598A8796-D456-4E62-8D85-77FDA5218219}.Release R23|Any CPU.Build.0 = Release R23|Any CPU
		{02ECFD0A-7188-460F-B3C7-96795935D478}.Debug R19|Any CPU.ActiveCfg = Debug R19|Any CPU
		{02ECFD0A-7188-460F-B3C7-96795935D478}.Debug R19|Any CPU.Build.0 = Debug R19|Any CPU
		{02ECFD0A-7188-460F-B3C7-96795935D478}.Debug R20|Any CPU.ActiveCfg = Debug R20|Any CPU
		{02ECFD0A-7188-460F-B3C7-96795935D478}.Debug R20|Any CPU.Build.0 = Debug R20|Any CPU
		{02ECFD0A-7188-460F-B3C7-96795935D478}.Debug R21|Any CPU.ActiveCfg = Debug R21|Any CPU
		{02ECFD0A-7188-460F-B3C7-96795935D478}.Debug R21|Any CPU.Build.0 = Debug R21|Any CPU
		{02ECFD0A-7188-460F-B3C7-96795935D478}.Debug R22|Any CPU.ActiveCfg = Debug R22|Any CPU
		{02ECFD0A-7188-460F-B3C7-96795935D478}.Debug R22|Any CPU.Build.0 = Debug R22|Any CPU
		{02ECFD0A-7188-460F-B3C7-96795935D478}.Debug R23|Any CPU.ActiveCfg = Debug R23|Any CPU
		{02ECFD0A-7188-460F-B3C7-96795935D478}.Debug R23|Any CPU.Build.0 = Debug R23|Any CPU
		{02ECFD0A-7188-460F-B3C7-96795935D478}.Release R19|Any CPU.ActiveCfg = Release R19|Any CPU
		{02ECFD0A-7188-460F-B3C7-96795935D478}.Release R19|Any CPU.Build.0 = Release R19|Any CPU
		{02ECFD0A-7188-460F-B3C7-96795935D478}.Release R20|Any CPU.ActiveCfg = Release R20|Any CPU
		{02ECFD0A-7188-460F-B3C7-96795935D478}.Release R20|Any CPU.Build.0 = Release R20|Any CPU
		{02ECFD0A-7188-460F-B3C7-96795935D478}.Release R21|Any CPU.ActiveCfg = Release R21|Any CPU
		{02ECFD0A-7188-460F-B3C7-96795935D478}.Release R21|Any CPU.Build.0 = Release R21|Any CPU
		{02ECFD0A-7188-460F-B3C7-96795935D478}.Release R22|Any CPU.ActiveCfg = Release R22|Any CPU
		{02ECFD0A-7188-460F-B3C7-96795935D478}.Release R22|Any CPU.Build.0 = Release R22|Any CPU
		{02ECFD0A-7188-460F-B3C7-96795935D478}.Release R23|Any CPU.ActiveCfg = Release R23|Any CPU
		{02ECFD0A-7188-460F-B3C7-96795935D478}.Release R23|Any CPU.Build.0 = Release R23|Any CPU
		{4C8CBA2B-B15D-4C0F-9739-CDB6244ECB11}.Debug R19|Any CPU.ActiveCfg = Debug R19|Any CPU
		{4C8CBA2B-B15D-4C0F-9739-CDB6244ECB11}.Debug R19|Any CPU.Build.0 = Debug R19|Any CPU
		{4C8CBA2B-B15D-4C0F-9739-CDB6244ECB11}.Debug R20|Any CPU.ActiveCfg = Debug R20|Any CPU
		{4C8CBA2B-B15D-4C0F-9739-CDB6244ECB11}.Debug R20|Any CPU.Build.0 = Debug R20|Any CPU
		{4C8CBA2B-B15D-4C0F-9739-CDB6244ECB11}.Debug R21|Any CPU.ActiveCfg = Debug R21|Any CPU
		{4C8CBA2B-B15D-4C0F-9739-CDB6244ECB11}.Debug R21|Any CPU.Build.0 = Debug R21|Any CPU
		{4C8CBA2B-B15D-4C0F-9739-CDB6244ECB11}.Debug R22|Any CPU.ActiveCfg = Debug R22|Any CPU
		{4C8CBA2B-B15D-4C0F-9739-CDB6244ECB11}.Debug R22|Any CPU.Build.0 = Debug R22|Any CPU
		{4C8CBA2B-B15D-4C0F-9739-CDB6244ECB11}.Debug R23|Any CPU.ActiveCfg = Debug R23|Any CPU
		{4C8CBA2B-B15D-4C0F-9739-CDB6244ECB11}.Debug R23|Any CPU.Build.0 = Debug R23|Any CPU
		{4C8CBA2B-B15D-4C0F-9739-CDB6244ECB11}.Release R19|Any CPU.ActiveCfg = Release R19|Any CPU
		{4C8CBA2B-B15D-4C0F-9739-CDB6244ECB11}.Release R19|Any CPU.Build.0 = Release R19|Any CPU
		{4C8CBA2B-B15D-4C0F-9739-CDB6244ECB11}.Release R20|Any CPU.ActiveCfg = Release R20|Any CPU
		{4C8CBA2B-B15D-4C0F-9739-CDB6244ECB11}.Release R20|Any CPU.Build.0 = Release R20|Any CPU
		{4C8CBA2B-B15D-4C0F-9739-CDB6244ECB11}.Release R21|Any CPU.ActiveCfg = Release R21|Any CPU
		{4C8CBA2B-B15D-4C0F-9739-CDB6244ECB11}.Release R21|Any CPU.Build.0 = Release R21|Any CPU
		{4C8CBA2B-B15D-4C0F-9739-CDB6244ECB11}.Release R22|Any CPU.ActiveCfg = Release R22|Any CPU
		{4C8CBA2B-B15D-4C0F-9739-CDB6244ECB11}.Release R22|Any CPU.Build.0 = Release R22|Any CPU
		{4C8CBA2B-B15D-4C0F-9739-CDB6244ECB11}.Release R23|Any CPU.ActiveCfg = Release R23|Any CPU
		{4C8CBA2B-B15D-4C0F-9739-CDB6244ECB11}.Release R23|Any CPU.Build.0 = Release R23|Any CPU
		{5EE5AB22-BD38-4042-94DB-11CDCBBCFA15}.Debug R19|Any CPU.ActiveCfg = Debug R19|Any CPU
		{5EE5AB22-BD38-4042-94DB-11CDCBBCFA15}.Debug R19|Any CPU.Build.0 = Debug R19|Any CPU
		{5EE5AB22-BD38-4042-94DB-11CDCBBCFA15}.Debug R20|Any CPU.ActiveCfg = Debug R20|Any CPU
		{5EE5AB22-BD38-4042-94DB-11CDCBBCFA15}.Debug R20|Any CPU.Build.0 = Debug R20|Any CPU
		{5EE5AB22-BD38-4042-94DB-11CDCBBCFA15}.Debug R21|Any CPU.ActiveCfg = Debug R21|Any CPU
		{5EE5AB22-BD38-4042-94DB-11CDCBBCFA15}.Debug R21|Any CPU.Build.0 = Debug R21|Any CPU
		{5EE5AB22-BD38-4042-94DB-11CDCBBCFA15}.Debug R22|Any CPU.ActiveCfg = Debug R22|Any CPU
		{5EE5AB22-BD38-4042-94DB-11CDCBBCFA15}.Debug R22|Any CPU.Build.0 = Debug R22|Any CPU
		{5EE5AB22-BD38-4042-94DB-11CDCBBCFA15}.Debug R23|Any CPU.ActiveCfg = Debug R23|Any CPU
		{5EE5AB22-BD38-4042-94DB-11CDCBBCFA15}.Debug R23|Any CPU.Build.0 = Debug R23|Any CPU
		{5EE5AB22-BD38-4042-94DB-11CDCBBCFA15}.Release R19|Any CPU.ActiveCfg = Release R19|Any CPU
		{5EE5AB22-BD38-4042-94DB-11CDCBBCFA15}.Release R19|Any CPU.Build.0 = Release R19|Any CPU
		{5EE5AB22-BD38-4042-94DB-11CDCBBCFA15}.Release R20|Any CPU.ActiveCfg = Release R20|Any CPU
		{5EE5AB22-BD38-4042-94DB-11CDCBBCFA15}.Release R20|Any CPU.Build.0 = Release R20|Any CPU
		{5EE5AB22-BD38-4042-94DB-11CDCBBCFA15}.Release R21|Any CPU.ActiveCfg = Release R21|Any CPU
		{5EE5AB22-BD38-4042-94DB-11CDCBBCFA15}.Release R21|Any CPU.Build.0 = Release R21|Any CPU
		{5EE5AB22-BD38-4042-94DB-11CDCBBCFA15}.Release R22|Any CPU.ActiveCfg = Release R22|Any CPU
		{5EE5AB22-BD38-4042-94DB-11CDCBBCFA15}.Release R22|Any CPU.Build.0 = Release R22|Any CPU
		{5EE5AB22-BD38-4042-94DB-11CDCBBCFA15}.Release R23|Any CPU.ActiveCfg = Release R23|Any CPU
		{5EE5AB22-BD38-4042-94DB-11CDCBBCFA15}.Release R23|Any CPU.Build.0 = Release R23|Any CPU
		{E3D22871-F324-4C36-A6C8-368F5893C306}.Debug R19|Any CPU.ActiveCfg = Debug R19|Any CPU
		{E3D22871-F324-4C36-A6C8-368F5893C306}.Debug R19|Any CPU.Build.0 = Debug R19|Any CPU
		{E3D22871-F324-4C36-A6C8-368F5893C306}.Debug R20|Any CPU.ActiveCfg = Debug R20|Any CPU
		{E3D22871-F324-4C36-A6C8-368F5893C306}.Debug R20|Any CPU.Build.0 = Debug R20|Any CPU
		{E3D22871-F324-4C36-A6C8-368F5893C306}.Debug R21|Any CPU.ActiveCfg = Debug R21|Any CPU
		{E3D22871-F324-4C36-A6C8-368F5893C306}.Debug R21|Any CPU.Build.0 = Debug R21|Any CPU
		{E3D22871-F324-4C36-A6C8-368F5893C306}.Debug R22|Any CPU.ActiveCfg = Debug R22|Any CPU
		{E3D22871-F324-4C36-A6C8-368F5893C306}.Debug R22|Any CPU.Build.0 = Debug R22|Any CPU
		{E3D22871-F324-4C36-A6C8-368F5893C306}.Debug R23|Any CPU.ActiveCfg = Debug R23|Any CPU
		{E3D22871-F324-4C36-A6C8-368F5893C306}.Debug R23|Any CPU.Build.0 = Debug R23|Any CPU
		{E3D22871-F324-4C36-A6C8-368F5893C306}.Release R19|Any CPU.ActiveCfg = Release R19|Any CPU
		{E3D22871-F324-4C36-A6C8-368F5893C306}.Release R19|Any CPU.Build.0 = Release R19|Any CPU
		{E3D22871-F324-4C36-A6C8-368F5893C306}.Release R20|Any CPU.ActiveCfg = Release R20|Any CPU
		{E3D22871-F324-4C36-A6C8-368F5893C306}.Release R20|Any CPU.Build.0 = Release R20|Any CPU
		{E3D22871-F324-4C36-A6C8-368F5893C306}.Release R21|Any CPU.ActiveCfg = Release R21|Any CPU
		{E3D22871-F324-4C36-A6C8-368F5893C306}.Release R21|Any CPU.Build.0 = Release R21|Any CPU
		{E3D22871-F324-4C36-A6C8-368F5893C306}.Release R22|Any CPU.ActiveCfg = Release R22|Any CPU
		{E3D22871-F324-4C36-A6C8-368F5893C306}.Release R22|Any CPU.Build.0 = Release R22|Any CPU
		{E3D22871-F324-4C36-A6C8-368F5893C306}.Release R23|Any CPU.ActiveCfg = Release R23|Any CPU
		{E3D22871-F324-4C36-A6C8-368F5893C306}.Release R23|Any CPU.Build.0 = Release R23|Any CPU
	EndGlobalSection
	GlobalSection(SolutionProperties) = preSolution
		HideSolutionNode = FALSE
	EndGlobalSection
	GlobalSection(ExtensibilityGlobals) = postSolution
		SolutionGuid = {551E24A0-9B46-4F86-8919-AC08323A914B}
	EndGlobalSection
EndGlobal
